{
  "requires": true,
  "lockfileVersion": 1,
  "dependencies": {
    "angular-recaptcha": {
      "version": "4.2.0",
      "resolved": "https://registry.npmjs.org/angular-recaptcha/-/angular-recaptcha-4.2.0.tgz",
      "integrity": "sha512-PZ4VsUiNKNqaGqCpTAEwyAWUNF0w7xFulMf3ajJVym7bidxPEi5py1jQdxj4LFIWUxoA7XPan4sJMK4UeB8Srg=="
    },
    "angular-ui-tinymce": {
      "version": "0.0.19",
      "resolved": "https://registry.npmjs.org/angular-ui-tinymce/-/angular-ui-tinymce-0.0.19.tgz",
      "integrity": "sha1-amE2daEmXkFcnCGUQFOsm6uVeOk="
    },
    "angularjs-google-recaptcha-v3": {
      "version": "1.0.1",
      "resolved": "https://registry.npmjs.org/angularjs-google-recaptcha-v3/-/angularjs-google-recaptcha-v3-1.0.1.tgz",
      "integrity": "sha512-MRLmR/zz5To8VGBNz55fu10sSk9DDdtvrlEqkSNXNc7yW5NQqiytxkVcdiMiuQmQ9Ae3rK1tZDZjFYn5+Pq8OQ=="
    }
  }
}
